
Microsoft Visual Studio Solution File, Format Version 12.00
# Visual Studio 15
VisualStudioVersion = 15.0.28010.2046
MinimumVisualStudioVersion = 10.0.40219.1
Project("{FAE04EC0-301F-11D3-BF4B-00C04F79EFBC}") = "MVC Gas Map", "MVC Gas Map\MVC Gas Map.csproj", "{636EAC36-0016-4F4C-8E37-E9EBEDC7C873}"
EndProject
Project("{FAE04EC0-301F-11D3-BF4B-00C04F79EFBC}") = "API", "API\API.csproj", "{CB5D829B-D70C-4C69-BD03-64BAC6104E4D}"
EndProject
Global
	GlobalSection(SolutionConfigurationPlatforms) = preSolution
		Debug|Any CPU = Debug|Any CPU
		Release|Any CPU = Release|Any CPU
	EndGlobalSection
	GlobalSection(ProjectConfigurationPlatforms) = postSolution
		{636EAC36-0016-4F4C-8E37-E9EBEDC7C873}.Debug|Any CPU.ActiveCfg = Debug|Any CPU
		{636EAC36-0016-4F4C-8E37-E9EBEDC7C873}.Debug|Any CPU.Build.0 = Debug|Any CPU
		{636EAC36-0016-4F4C-8E37-E9EBEDC7C873}.Release|Any CPU.ActiveCfg = Release|Any CPU
		{636EAC36-0016-4F4C-8E37-E9EBEDC7C873}.Release|Any CPU.Build.0 = Release|Any CPU
		{CB5D829B-D70C-4C69-BD03-64BAC6104E4D}.Debug|Any CPU.ActiveCfg = Debug|Any CPU
		{CB5D829B-D70C-4C69-BD03-64BAC6104E4D}.Debug|Any CPU.Build.0 = Debug|Any CPU
		{CB5D829B-D70C-4C69-BD03-64BAC6104E4D}.Release|Any CPU.ActiveCfg = Release|Any CPU
		{CB5D829B-D70C-4C69-BD03-64BAC6104E4D}.Release|Any CPU.Build.0 = Release|Any CPU
	EndGlobalSection
	GlobalSection(SolutionProperties) = preSolution
		HideSolutionNode = FALSE
	EndGlobalSection
	GlobalSection(ExtensibilityGlobals) = postSolution
		SolutionGuid = {0D446E59-FC17-440A-883C-474C7DB3C3B8}
	EndGlobalSection
EndGlobal
